
Microsoft Visual Studio Solution File, Format Version 12.00
# Visual Studio Version 16
VisualStudioVersion = 16.0.31702.278
MinimumVisualStudioVersion = 10.0.40219.1
Project("{FAE04EC0-301F-11D3-BF4B-00C04F79EFBC}") = "Calculadora", "Calculadora\Calculadora.csproj", "{BC3B2A15-0535-4BEA-9794-B4690E2C93C9}"
EndProject
Global
	GlobalSection(SolutionConfigurationPlatforms) = preSolution
		Debug|Any CPU = Debug|Any CPU
		Release|Any CPU = Release|Any CPU
	EndGlobalSection
	GlobalSection(ProjectConfigurationPlatforms) = postSolution
		{BC3B2A15-0535-4BEA-9794-B4690E2C93C9}.Debug|Any CPU.ActiveCfg = Debug|Any CPU
		{BC3B2A15-0535-4BEA-9794-B4690E2C93C9}.Debug|Any CPU.Build.0 = Debug|Any CPU
		{BC3B2A15-0535-4BEA-9794-B4690E2C93C9}.Release|Any CPU.ActiveCfg = Release|Any CPU
		{BC3B2A15-0535-4BEA-9794-B4690E2C93C9}.Release|Any CPU.Build.0 = Release|Any CPU
	EndGlobalSection
	GlobalSection(SolutionProperties) = preSolution
		HideSolutionNode = FALSE
	EndGlobalSection
	GlobalSection(ExtensibilityGlobals) = postSolution
		SolutionGuid = {0BBC1373-AC64-4924-8442-F50EC0E5313A}
	EndGlobalSection
EndGlobal
